// !$*UTF8*$!
{
	archiveVersion = 1;
	classes = {
	};
	objectVersion = 50;
	objects = {

/* Begin PBXBuildFile section */
		C583B83F21A711AB000CFAD8 /* AppDelegate.m in Sources */ = {isa = PBXBuildFile; fileRef = C583B83E21A711AB000CFAD8 /* AppDelegate.m */; };
		C583B84221A711AB000CFAD8 /* ViewController.m in Sources */ = {isa = PBXBuildFile; fileRef = C583B84121A711AB000CFAD8 /* ViewController.m */; };
		C583B84521A711AB000CFAD8 /* Main.storyboard in Resources */ = {isa = PBXBuildFile; fileRef = C583B84321A711AB000CFAD8 /* Main.storyboard */; };
		C583B84721A711AC000CFAD8 /* Assets.xcassets in Resources */ = {isa = PBXBuildFile; fileRef = C583B84621A711AC000CFAD8 /* Assets.xcassets */; };
		C583B84A21A711AC000CFAD8 /* LaunchScreen.storyboard in Resources */ = {isa = PBXBuildFile; fileRef = C583B84821A711AC000CFAD8 /* LaunchScreen.storyboard */; };
		C583B84D21A711AC000CFAD8 /* main.m in Sources */ = {isa = PBXBuildFile; fileRef = C583B84C21A711AC000CFAD8 /* main.m */; };
		C583B85521A71204000CFAD8 /* KVOModel.mm in Sources */ = {isa = PBXBuildFile; fileRef = C583B85421A71204000CFAD8 /* KVOModel.mm */; };
		C583B85821A71CF5000CFAD8 /* Person.m in Sources */ = {isa = PBXBuildFile; fileRef = C583B85721A71CF5000CFAD8 /* Person.m */; };
/* End PBXBuildFile section */

/* Begin PBXFileReference section */
		C583B83A21A711AB000CFAD8 /* KVODemo.app */ = {isa = PBXFileReference; explicitFileType = wrapper.application; includeInIndex = 0; path = KVODemo.app; sourceTree = BUILT_PRODUCTS_DIR; };
		C583B83D21A711AB000CFAD8 /* AppDelegate.h */ = {isa = PBXFileReference; lastKnownFileType = sourcecode.c.h; path = AppDelegate.h; sourceTree = "<group>"; };
		C583B83E21A711AB000CFAD8 /* AppDelegate.m */ = {isa = PBXFileReference; lastKnownFileType = sourcecode.c.objc; path = AppDelegate.m; sourceTree = "<group>"; };
		C583B84021A711AB000CFAD8 /* ViewController.h */ = {isa = PBXFileReference; lastKnownFileType = sourcecode.c.h; path = ViewController.h; sourceTree = "<group>"; };
		C583B84121A711AB000CFAD8 /* ViewController.m */ = {isa = PBXFileReference; lastKnownFileType = sourcecode.c.objc; path = ViewController.m; sourceTree = "<group>"; };
		C583B84421A711AB000CFAD8 /* Base */ = {isa = PBXFileReference; lastKnownFileType = file.storyboard; name = Base; path = Base.lproj/Main.storyboard; sourceTree = "<group>"; };
		C583B84621A711AC000CFAD8 /* Assets.xcassets */ = {isa = PBXFileReference; lastKnownFileType = folder.assetcatalog; path = Assets.xcassets; sourceTree = "<group>"; };
		C583B84921A711AC000CFAD8 /* Base */ = {isa = PBXFileReference; lastKnownFileType = file.storyboard; name = Base; path = Base.lproj/LaunchScreen.storyboard; sourceTree = "<group>"; };
		C583B84B21A711AC000CFAD8 /* Info.plist */ = {isa = PBXFileReference; lastKnownFileType = text.plist.xml; path = Info.plist; sourceTree = "<group>"; };
		C583B84C21A711AC000CFAD8 /* main.m */ = {isa = PBXFileReference; lastKnownFileType = sourcecode.c.objc; path = main.m; sourceTree = "<group>"; };
		C583B85321A71204000CFAD8 /* KVOModel.h */ = {isa = PBXFileReference; lastKnownFileType = sourcecode.c.h; path = KVOModel.h; sourceTree = "<group>"; };
		C583B85421A71204000CFAD8 /* KVOModel.mm */ = {isa = PBXFileReference; lastKnownFileType = sourcecode.cpp.objcpp; path = KVOModel.mm; sourceTree = "<group>"; };
		C583B85621A71CF5000CFAD8 /* Person.h */ = {isa = PBXFileReference; lastKnownFileType = sourcecode.c.h; path = Person.h; sourceTree = "<group>"; };
		C583B85721A71CF5000CFAD8 /* Person.m */ = {isa = PBXFileReference; lastKnownFileType = sourcecode.c.objc; path = Person.m; sourceTree = "<group>"; };
/* End PBXFileReference section */

/* Begin PBXFrameworksBuildPhase section */
		C583B83721A711AB000CFAD8 /* Frameworks */ = {
			isa = PBXFrameworksBuildPhase;
			buildActionMask = 2147483647;
			files = (
			);
			runOnlyForDeploymentPostprocessing = 0;
		};
/* End PBXFrameworksBuildPhase section */

/* Begin PBXGroup section */
		C583B83121A711AB000CFAD8 = {
			isa = PBXGroup;
			children = (
				C583B83C21A711AB000CFAD8 /* KVODemo */,
				C583B83B21A711AB000CFAD8 /* Products */,
			);
			sourceTree = "<group>";
		};
		C583B83B21A711AB000CFAD8 /* Products */ = {
			isa = PBXGroup;
			children = (
				C583B83A21A711AB000CFAD8 /* KVODemo.app */,
			);
			name = Products;
			sourceTree = "<group>";
		};
		C583B83C21A711AB000CFAD8 /* KVODemo */ = {
			isa = PBXGroup;
			children = (
				C583B83D21A711AB000CFAD8 /* AppDelegate.h */,
				C583B83E21A711AB000CFAD8 /* AppDelegate.m */,
				C583B84021A711AB000CFAD8 /* ViewController.h */,
				C583B84121A711AB000CFAD8 /* ViewController.m */,
				C583B84321A711AB000CFAD8 /* Main.storyboard */,
				C583B84621A711AC000CFAD8 /* Assets.xcassets */,
				C583B84821A711AC000CFAD8 /* LaunchScreen.storyboard */,
				C583B84B21A711AC000CFAD8 /* Info.plist */,
				C583B84C21A711AC000CFAD8 /* main.m */,
				C583B85321A71204000CFAD8 /* KVOModel.h */,
				C583B85421A71204000CFAD8 /* KVOModel.mm */,
				C583B85621A71CF5000CFAD8 /* Person.h */,
				C583B85721A71CF5000CFAD8 /* Person.m */,
			);
			path = KVODemo;
			sourceTree = "<group>";
		};
/* End PBXGroup section */

/* Begin PBXNativeTarget section */
		C583B83921A711AB000CFAD8 /* KVODemo */ = {
			isa = PBXNativeTarget;
			buildConfigurationList = C583B85021A711AC000CFAD8 /* Build configuration list for PBXNativeTarget "KVODemo" */;
			buildPhases = (
				C583B83621A711AB000CFAD8 /* Sources */,
				C583B83721A711AB000CFAD8 /* Frameworks */,
				C583B83821A711AB000CFAD8 /* Resources */,
			);
			buildRules = (
			);
			dependencies = (
			);
			name = KVODemo;
			productName = KVODemo;
			productReference = C583B83A21A711AB000CFAD8 /* KVODemo.app */;
			productType = "com.apple.product-type.application";
		};
/* End PBXNativeTarget section */

/* Begin PBXProject section */
		C583B83221A711AB000CFAD8 /* Project object */ = {
			isa = PBXProject;
			attributes = {
				LastUpgradeCheck = 1010;
				ORGANIZATIONNAME = xxm;
				TargetAttributes = {
					C583B83921A711AB000CFAD8 = {
						CreatedOnToolsVersion = 10.1;
					};
				};
			};
			buildConfigurationList = C583B83521A711AB000CFAD8 /* Build configuration list for PBXProject "KVODemo" */;
			compatibilityVersion = "Xcode 9.3";
			developmentRegion = en;
			hasScannedForEncodings = 0;
			knownRegions = (
				en,
				Base,
			);
			mainGroup = C583B83121A711AB000CFAD8;
			productRefGroup = C583B83B21A711AB000CFAD8 /* Products */;
			projectDirPath = "";
			projectRoot = "";
			targets = (
				C583B83921A711AB000CFAD8 /* KVODemo */,
			);
		};
/* End PBXProject section */

/* Begin PBXResourcesBuildPhase section */
		C583B83821A711AB000CFAD8 /* Resources */ = {
			isa = PBXResourcesBuildPhase;
			buildActionMask = 2147483647;
			files = (
				C583B84A21A711AC000CFAD8 /* LaunchScreen.storyboard in Resources */,
				C583B84721A711AC000CFAD8 /* Assets.xcassets in Resources */,
				C583B84521A711AB000CFAD8 /* Main.storyboard in Resources */,
			);
			runOnlyForDeploymentPostprocessing = 0;
		};
/* End PBXResourcesBuildPhase section */

/* Begin PBXSourcesBuildPhase section */
		C583B83621A711AB000CFAD8 /* Sources */ = {
			isa = PBXSourcesBuildPhase;
			buildActionMask = 2147483647;
			files = (
				C583B84221A711AB000CFAD8 /* ViewController.m in Sources */,
				C583B84D21A711AC000CFAD8 /* main.m in Sources */,
				C583B85821A71CF5000CFAD8 /* Person.m in Sources */,
				C583B85521A71204000CFAD8 /* KVOModel.mm in Sources */,
				C583B83F21A711AB000CFAD8 /* AppDelegate.m in Sources */,
			);
			runOnlyForDeploymentPostprocessing = 0;
		};
/* End PBXSourcesBuildPhase section */

/* Begin PBXVariantGroup section */
		C583B84321A711AB000CFAD8 /* Main.storyboard */ = {
			isa = PBXVariantGroup;
			children = (
				C583B84421A711AB000CFAD8 /* Base */,
			);
			name = Main.storyboard;
			sourceTree = "<group>";
		};
		C583B84821A711AC000CFAD8 /* LaunchScreen.storyboard */ = {
			isa = PBXVariantGroup;
			children = (
				C583B84921A711AC000CFAD8 /* Base */,
			);
			name = LaunchScreen.storyboard;
			sourceTree = "<group>";
		};
/* End PBXVariantGroup section */

/* Begin XCBuildConfiguration section */
		C583B84E21A711AC000CFAD8 /* Debug */ = {
			isa = XCBuildConfiguration;
			buildSettings = {
				ALWAYS_SEARCH_USER_PATHS = NO;
				CLANG_ANALYZER_NONNULL = YES;
				CLANG_ANALYZER_NUMBER_OBJECT_CONVERSION = YES_AGGRESSIVE;
				CLANG_CXX_LANGUAGE_STANDARD = "gnu++14";
				CLANG_CXX_LIBRARY = "libc++";
				CLANG_ENABLE_MODULES = YES;
				CLANG_ENABLE_OBJC_ARC = YES;
				CLANG_ENABLE_OBJC_WEAK = YES;
				CLANG_WARN_BLOCK_CAPTURE_AUTORELEASING = YES;
				CLANG_WARN_BOOL_CONVERSION = YES;
				CLANG_WARN_COMMA = YES;
				CLANG_WARN_CONSTANT_CONVERSION = YES;
				CLANG_WARN_DEPRECATED_OBJC_IMPLEMENTATIONS = YES;
				CLANG_WARN_DIRECT_OBJC_ISA_USAGE = YES_ERROR;
				CLANG_WARN_DOCUMENTATION_COMMENTS = YES;
				CLANG_WARN_EMPTY_BODY = YES;
				CLANG_WARN_ENUM_CONVERSION = YES;
				CLANG_WARN_INFINITE_RECURSION = YES;
				CLANG_WARN_INT_CONVERSION = YES;
				CLANG_WARN_NON_LITERAL_NULL_CONVERSION = YES;
				CLANG_WARN_OBJC_IMPLICIT_RETAIN_SELF = YES;
				CLANG_WARN_OBJC_LITERAL_CONVERSION = YES;
				CLANG_WARN_OBJC_ROOT_CLASS = YES_ERROR;
				CLANG_WARN_RANGE_LOOP_ANALYSIS = YES;
				CLANG_WARN_STRICT_PROTOTYPES = YES;
				CLANG_WARN_SUSPICIOUS_MOVE = YES;
				CLANG_WARN_UNGUARDED_AVAILABILITY = YES_AGGRESSIVE;
				CLANG_WARN_UNREACHABLE_CODE = YES;
				CLANG_WARN__DUPLICATE_METHOD_MATCH = YES;
				CODE_SIGN_IDENTITY = "iPhone Developer";
				COPY_PHASE_STRIP = NO;
				DEBUG_INFORMATION_FORMAT = dwarf;
				ENABLE_STRICT_OBJC_MSGSEND = YES;
				ENABLE_TESTABILITY = YES;
				GCC_C_LANGUAGE_STANDARD = gnu11;
				GCC_DYNAMIC_NO_PIC = NO;
				GCC_NO_COMMON_BLOCKS = YES;
				GCC_OPTIMIZATION_LEVEL = 0;
				GCC_PREPROCESSOR_DEFINITIONS = (
					"DEBUG=1",
					"$(inherited)",
				);
				GCC_WARN_64_TO_32_BIT_CONVERSION = YES;
				GCC_WARN_ABOUT_RETURN_TYPE = YES_ERROR;
				GCC_WARN_UNDECLARED_SELECTOR = YES;
				GCC_WARN_UNINITIALIZED_AUTOS = YES_AGGRESSIVE;
				GCC_WARN_UNUSED_FUNCTION = YES;
				GCC_WARN_UNUSED_VARIABLE = YES;
				IPHONEOS_DEPLOYMENT_TARGET = 12.1;
				MTL_ENABLE_DEBUG_INFO = INCLUDE_SOURCE;
				MTL_FAST_MATH = YES;
				ONLY_ACTIVE_ARCH = YES;
				SDKROOT = iphoneos;
			};
			name = Debug;
		};
		C583B84F21A711AC000CFAD8 /* Release */ = {
			isa = XCBuildConfiguration;
			buildSettings = {
				ALWAYS_SEARCH_USER_PATHS = NO;
				CLANG_ANALYZER_NONNULL = YES;
				CLANG_ANALYZER_NUMBER_OBJECT_CONVERSION = YES_AGGRESSIVE;
				CLANG_CXX_LANGUAGE_STANDARD = "gnu++14";
				CLANG_CXX_LIBRARY = "libc++";
				CLANG_ENABLE_MODULES = YES;
				CLANG_ENABLE_OBJC_ARC = YES;
				CLANG_ENABLE_OBJC_WEAK = YES;
				CLANG_WARN_BLOCK_CAPTURE_AUTORELEASING = YES;
				CLANG_WARN_BOOL_CONVERSION = YES;
				CLANG_WARN_COMMA = YES;
				CLANG_WARN_CONSTANT_CONVERSION = YES;
				CLANG_WARN_DEPRECATED_OBJC_IMPLEMENTATIONS = YES;
				CLANG_WARN_DIRECT_OBJC_ISA_USAGE = YES_ERROR;
				CLANG_WARN_DOCUMENTATION_COMMENTS = YES;
				CLANG_WARN_EMPTY_BODY = YES;
				CLANG_WARN_ENUM_CONVERSION = YES;
				CLANG_WARN_INFINITE_RECURSION = YES;
				CLANG_WARN_INT_CONVERSION = YES;
				CLANG_WARN_NON_LITERAL_NULL_CONVERSION = YES;
				CLANG_WARN_OBJC_IMPLICIT_RETAIN_SELF = YES;
				CLANG_WARN_OBJC_LITERAL_CONVERSION = YES;
				CLANG_WARN_OBJC_ROOT_CLASS = YES_ERROR;
				CLANG_WARN_RANGE_LOOP_ANALYSIS = YES;
				CLANG_WARN_STRICT_PROTOTYPES = YES;
				CLANG_WARN_SUSPICIOUS_MOVE = YES;
				CLANG_WARN_UNGUARDED_AVAILABILITY = YES_AGGRESSIVE;
				CLANG_WARN_UNREACHABLE_CODE = YES;
				CLANG_WARN__DUPLICATE_METHOD_MATCH = YES;
				CODE_SIGN_IDENTITY = "iPhone Developer";
				COPY_PHASE_STRIP = NO;
				DEBUG_INFORMATION_FORMAT = "dwarf-with-dsym";
				ENABLE_NS_ASSERTIONS = NO;
				ENABLE_STRICT_OBJC_MSGSEND = YES;
				GCC_C_LANGUAGE_STANDARD = gnu11;
				GCC_NO_COMMON_BLOCKS = YES;
				GCC_WARN_64_TO_32_BIT_CONVERSION = YES;
				GCC_WARN_ABOUT_RETURN_TYPE = YES_ERROR;
				GCC_WARN_UNDECLARED_SELECTOR = YES;
				GCC_WARN_UNINITIALIZED_AUTOS = YES_AGGRESSIVE;
				GCC_WARN_UNUSED_FUNCTION = YES;
				GCC_WARN_UNUSED_VARIABLE = YES;
				IPHONEOS_DEPLOYMENT_TARGET = 12.1;
				MTL_ENABLE_DEBUG_INFO = NO;
				MTL_FAST_MATH = YES;
				SDKROOT = iphoneos;
				VALIDATE_PRODUCT = YES;
			};
			name = Release;
		};
		C583B85121A711AC000CFAD8 /* Debug */ = {
			isa = XCBuildConfiguration;
			buildSettings = {
				ASSETCATALOG_COMPILER_APPICON_NAME = AppIcon;
				CODE_SIGN_STYLE = Automatic;
				DEVELOPMENT_TEAM = NFGW7B48XS;
				INFOPLIST_FILE = KVODemo/Info.plist;
				IPHONEOS_DEPLOYMENT_TARGET = 11.4;
				LD_RUNPATH_SEARCH_PATHS = (
					"$(inherited)",
					"@executable_path/Frameworks",
				);
				PRODUCT_BUNDLE_IDENTIFIER = com.xxm.KVODemo;
				PRODUCT_NAME = "$(TARGET_NAME)";
				TARGETED_DEVICE_FAMILY = "1,2";
			};
			name = Debug;
		};
		C583B85221A711AC000CFAD8 /* Release */ = {
			isa = XCBuildConfiguration;
			buildSettings = {
				ASSETCATALOG_COMPILER_APPICON_NAME = AppIcon;
				CODE_SIGN_STYLE = Automatic;
				DEVELOPMENT_TEAM = NFGW7B48XS;
				INFOPLIST_FILE = KVODemo/Info.plist;
				IPHONEOS_DEPLOYMENT_TARGET = 11.4;
				LD_RUNPATH_SEARCH_PATHS = (
					"$(inherited)",
					"@executable_path/Frameworks",
				);
				PRODUCT_BUNDLE_IDENTIFIER = com.xxm.KVODemo;
				PRODUCT_NAME = "$(TARGET_NAME)";
				TARGETED_DEVICE_FAMILY = "1,2";
			};
			name = Release;
		};
/* End XCBuildConfiguration section */

/* Begin XCConfigurationList section */
		C583B83521A711AB000CFAD8 /* Build configuration list for PBXProject "KVODemo" */ = {
			isa = XCConfigurationList;
			buildConfigurations = (
				C583B84E21A711AC000CFAD8 /* Debug */,
				C583B84F21A711AC000CFAD8 /* Release */,
			);
			defaultConfigurationIsVisible = 0;
			defaultConfigurationName = Release;
		};
		C583B85021A711AC000CFAD8 /* Build configuration list for PBXNativeTarget "KVODemo" */ = {
			isa = XCConfigurationList;
			buildConfigurations = (
				C583B85121A711AC000CFAD8 /* Debug */,
				C583B85221A711AC000CFAD8 /* Release */,
			);
			defaultConfigurationIsVisible = 0;
			defaultConfigurationName = Release;
		};
/* End XCConfigurationList section */
	};
	rootObject = C583B83221A711AB000CFAD8 /* Project object */;
}
